
Microsoft Visual Studio Solution File, Format Version 12.00
# Visual Studio 15
VisualStudioVersion = 15.0.28307.960
MinimumVisualStudioVersion = 10.0.40219.1
Project("{FAE04EC0-301F-11D3-BF4B-00C04F79EFBC}") = "Base", "Base\Base.csproj", "{F5C55EE0-2836-4117-94BA-2A10E86874C6}"
EndProject
Global
	GlobalSection(SolutionConfigurationPlatforms) = preSolution
		Debug|Any CPU = Debug|Any CPU
		Release|Any CPU = Release|Any CPU
	EndGlobalSection
	GlobalSection(ProjectConfigurationPlatforms) = postSolution
		{F5C55EE0-2836-4117-94BA-2A10E86874C6}.Debug|Any CPU.ActiveCfg = Debug|Any CPU
		{F5C55EE0-2836-4117-94BA-2A10E86874C6}.Debug|Any CPU.Build.0 = Debug|Any CPU
		{F5C55EE0-2836-4117-94BA-2A10E86874C6}.Release|Any CPU.ActiveCfg = Release|Any CPU
		{F5C55EE0-2836-4117-94BA-2A10E86874C6}.Release|Any CPU.Build.0 = Release|Any CPU
	EndGlobalSection
	GlobalSection(SolutionProperties) = preSolution
		HideSolutionNode = FALSE
	EndGlobalSection
	GlobalSection(ExtensibilityGlobals) = postSolution
		SolutionGuid = {AC6CD45B-28FE-4CAF-BBAC-76C72A1BB2B3}
	EndGlobalSection
EndGlobal
